
Microsoft Visual Studio Solution File, Format Version 12.00
# Visual Studio 15
VisualStudioVersion = 15.0.28307.168
MinimumVisualStudioVersion = 10.0.40219.1
Project("{FAE04EC0-301F-11D3-BF4B-00C04F79EFBC}") = "WPFAspects", "WPFAspects\WPFAspects.csproj", "{F1E7E694-FE59-46D5-85DE-3E80CEF6E73D}"
EndProject
Project("{FAE04EC0-301F-11D3-BF4B-00C04F79EFBC}") = "WpfAspectTests", "WpfAspectsTests\WpfAspectTests.csproj", "{F2A66B50-3F10-4F6B-A3B6-536ACFFB217A}"
EndProject
Global
	GlobalSection(SolutionConfigurationPlatforms) = preSolution
		Debug|Any CPU = Debug|Any CPU
		Release|Any CPU = Release|Any CPU
	EndGlobalSection
	GlobalSection(ProjectConfigurationPlatforms) = postSolution
		{F1E7E694-FE59-46D5-85DE-3E80CEF6E73D}.Debug|Any CPU.ActiveCfg = Debug|Any CPU
		{F1E7E694-FE59-46D5-85DE-3E80CEF6E73D}.Debug|Any CPU.Build.0 = Debug|Any CPU
		{F1E7E694-FE59-46D5-85DE-3E80CEF6E73D}.Release|Any CPU.ActiveCfg = Release|Any CPU
		{F1E7E694-FE59-46D5-85DE-3E80CEF6E73D}.Release|Any CPU.Build.0 = Release|Any CPU
		{F2A66B50-3F10-4F6B-A3B6-536ACFFB217A}.Debug|Any CPU.ActiveCfg = Debug|Any CPU
		{F2A66B50-3F10-4F6B-A3B6-536ACFFB217A}.Debug|Any CPU.Build.0 = Debug|Any CPU
		{F2A66B50-3F10-4F6B-A3B6-536ACFFB217A}.Release|Any CPU.ActiveCfg = Release|Any CPU
		{F2A66B50-3F10-4F6B-A3B6-536ACFFB217A}.Release|Any CPU.Build.0 = Release|Any CPU
	EndGlobalSection
	GlobalSection(SolutionProperties) = preSolution
		HideSolutionNode = FALSE
	EndGlobalSection
	GlobalSection(ExtensibilityGlobals) = postSolution
		SolutionGuid = {AF205B07-8E9E-4C9F-B4E8-84442B94A301}
	EndGlobalSection
EndGlobal
